
Microsoft Visual Studio Solution File, Format Version 12.00
# Visual Studio Version 17
VisualStudioVersion = 17.13.35931.197 d17.13
MinimumVisualStudioVersion = 10.0.40219.1
Project("{FAE04EC0-301F-11D3-BF4B-00C04F79EFBC}") = "atbash", "atbash\atbash.csproj", "{82F0B105-ADAA-41ED-BDAE-A4AE36BDEFF6}"
EndProject
Global
	GlobalSection(SolutionConfigurationPlatforms) = preSolution
		Debug|Any CPU = Debug|Any CPU
		Release|Any CPU = Release|Any CPU
	EndGlobalSection
	GlobalSection(ProjectConfigurationPlatforms) = postSolution
		{82F0B105-ADAA-41ED-BDAE-A4AE36BDEFF6}.Debug|Any CPU.ActiveCfg = Debug|Any CPU
		{82F0B105-ADAA-41ED-BDAE-A4AE36BDEFF6}.Debug|Any CPU.Build.0 = Debug|Any CPU
		{82F0B105-ADAA-41ED-BDAE-A4AE36BDEFF6}.Release|Any CPU.ActiveCfg = Release|Any CPU
		{82F0B105-ADAA-41ED-BDAE-A4AE36BDEFF6}.Release|Any CPU.Build.0 = Release|Any CPU
	EndGlobalSection
	GlobalSection(SolutionProperties) = preSolution
		HideSolutionNode = FALSE
	EndGlobalSection
	GlobalSection(ExtensibilityGlobals) = postSolution
		SolutionGuid = {7473DB37-2076-49EB-A2D4-056DC1678D93}
	EndGlobalSection
EndGlobal
